
Microsoft Visual Studio Solution File, Format Version 12.00
# Visual Studio Version 16
VisualStudioVersion = 16.0.31105.61
MinimumVisualStudioVersion = 10.0.40219.1
Project("{2150E333-8FDC-42A3-9474-1A3956D46DE8}") = "Src", "Src", "{C226419F-6ADC-4AB3-A3C8-79354A36890C}"
EndProject
Project("{2150E333-8FDC-42A3-9474-1A3956D46DE8}") = "Test", "Test", "{0716F462-86FE-4D73-A714-85EC4B4368F3}"
EndProject
Project("{9A19103F-16F7-4668-BE54-9A1E7A4F7556}") = "WikipediaChallenge.ConsoleUI", "WikipediaChallenge.ConsoleUI\WikipediaChallenge.ConsoleUI.csproj", "{17D0F04D-C77F-412B-91E6-A2D582BB4368}"
EndProject
Project("{9A19103F-16F7-4668-BE54-9A1E7A4F7556}") = "WikipediaChallenge.ApplicationCore", "WikipediaChallenge.ApplicationCore\WikipediaChallenge.ApplicationCore.csproj", "{D20370B2-F014-4744-BA7E-8E3C96F0CB6D}"
EndProject
Project("{9A19103F-16F7-4668-BE54-9A1E7A4F7556}") = "WikipediaChallengeTest", "WikipediaChallengeTest\WikipediaChallengeTest.csproj", "{00DA41D8-FD82-48D2-B20E-48ADCC2F4494}"
EndProject
Project("{9A19103F-16F7-4668-BE54-9A1E7A4F7556}") = "WikipediaChallenge.Infrastructure", "WikipediaChallenge.Infrastructure\WikipediaChallenge.Infrastructure.csproj", "{C7D2D726-3231-4329-9A02-D6217F68FC86}"
EndProject
Global
	GlobalSection(SolutionConfigurationPlatforms) = preSolution
		Debug|Any CPU = Debug|Any CPU
		Release|Any CPU = Release|Any CPU
	EndGlobalSection
	GlobalSection(ProjectConfigurationPlatforms) = postSolution
		{17D0F04D-C77F-412B-91E6-A2D582BB4368}.Debug|Any CPU.ActiveCfg = Debug|Any CPU
		{17D0F04D-C77F-412B-91E6-A2D582BB4368}.Debug|Any CPU.Build.0 = Debug|Any CPU
		{17D0F04D-C77F-412B-91E6-A2D582BB4368}.Release|Any CPU.ActiveCfg = Release|Any CPU
		{17D0F04D-C77F-412B-91E6-A2D582BB4368}.Release|Any CPU.Build.0 = Release|Any CPU
		{D20370B2-F014-4744-BA7E-8E3C96F0CB6D}.Debug|Any CPU.ActiveCfg = Debug|Any CPU
		{D20370B2-F014-4744-BA7E-8E3C96F0CB6D}.Debug|Any CPU.Build.0 = Debug|Any CPU
		{D20370B2-F014-4744-BA7E-8E3C96F0CB6D}.Release|Any CPU.ActiveCfg = Release|Any CPU
		{D20370B2-F014-4744-BA7E-8E3C96F0CB6D}.Release|Any CPU.Build.0 = Release|Any CPU
		{00DA41D8-FD82-48D2-B20E-48ADCC2F4494}.Debug|Any CPU.ActiveCfg = Debug|Any CPU
		{00DA41D8-FD82-48D2-B20E-48ADCC2F4494}.Debug|Any CPU.Build.0 = Debug|Any CPU
		{00DA41D8-FD82-48D2-B20E-48ADCC2F4494}.Release|Any CPU.ActiveCfg = Release|Any CPU
		{00DA41D8-FD82-48D2-B20E-48ADCC2F4494}.Release|Any CPU.Build.0 = Release|Any CPU
		{C7D2D726-3231-4329-9A02-D6217F68FC86}.Debug|Any CPU.ActiveCfg = Debug|Any CPU
		{C7D2D726-3231-4329-9A02-D6217F68FC86}.Debug|Any CPU.Build.0 = Debug|Any CPU
		{C7D2D726-3231-4329-9A02-D6217F68FC86}.Release|Any CPU.ActiveCfg = Release|Any CPU
		{C7D2D726-3231-4329-9A02-D6217F68FC86}.Release|Any CPU.Build.0 = Release|Any CPU
	EndGlobalSection
	GlobalSection(SolutionProperties) = preSolution
		HideSolutionNode = FALSE
	EndGlobalSection
	GlobalSection(NestedProjects) = preSolution
		{17D0F04D-C77F-412B-91E6-A2D582BB4368} = {C226419F-6ADC-4AB3-A3C8-79354A36890C}
		{D20370B2-F014-4744-BA7E-8E3C96F0CB6D} = {C226419F-6ADC-4AB3-A3C8-79354A36890C}
		{00DA41D8-FD82-48D2-B20E-48ADCC2F4494} = {0716F462-86FE-4D73-A714-85EC4B4368F3}
		{C7D2D726-3231-4329-9A02-D6217F68FC86} = {C226419F-6ADC-4AB3-A3C8-79354A36890C}
	EndGlobalSection
	GlobalSection(ExtensibilityGlobals) = postSolution
		SolutionGuid = {99E99898-CCDF-464D-A5EB-E90975FFF494}
	EndGlobalSection
EndGlobal
